
Microsoft Visual Studio Solution File, Format Version 12.00
# Visual Studio Version 17
VisualStudioVersion = 17.13.35931.197 d17.13
MinimumVisualStudioVersion = 10.0.40219.1
Project("{FAE04EC0-301F-11D3-BF4B-00C04F79EFBC}") = "RouteShare.Domain", "RouteShare.Domain\RouteShare.Domain.csproj", "{EDE84509-6571-4813-AABD-E07EB7BC3F1D}"
EndProject
Project("{FAE04EC0-301F-11D3-BF4B-00C04F79EFBC}") = "RouteShare.Tests", "RouteShare.Tests\RouteShare.Tests.csproj", "{476528A7-2F72-4598-BC4D-34FF3355CA8F}"
EndProject
Global
	GlobalSection(SolutionConfigurationPlatforms) = preSolution
		Debug|Any CPU = Debug|Any CPU
		Release|Any CPU = Release|Any CPU
	EndGlobalSection
	GlobalSection(ProjectConfigurationPlatforms) = postSolution
		{EDE84509-6571-4813-AABD-E07EB7BC3F1D}.Debug|Any CPU.ActiveCfg = Debug|Any CPU
		{EDE84509-6571-4813-AABD-E07EB7BC3F1D}.Debug|Any CPU.Build.0 = Debug|Any CPU
		{EDE84509-6571-4813-AABD-E07EB7BC3F1D}.Release|Any CPU.ActiveCfg = Release|Any CPU
		{EDE84509-6571-4813-AABD-E07EB7BC3F1D}.Release|Any CPU.Build.0 = Release|Any CPU
		{476528A7-2F72-4598-BC4D-34FF3355CA8F}.Debug|Any CPU.ActiveCfg = Debug|Any CPU
		{476528A7-2F72-4598-BC4D-34FF3355CA8F}.Debug|Any CPU.Build.0 = Debug|Any CPU
		{476528A7-2F72-4598-BC4D-34FF3355CA8F}.Release|Any CPU.ActiveCfg = Release|Any CPU
		{476528A7-2F72-4598-BC4D-34FF3355CA8F}.Release|Any CPU.Build.0 = Release|Any CPU
	EndGlobalSection
	GlobalSection(SolutionProperties) = preSolution
		HideSolutionNode = FALSE
	EndGlobalSection
	GlobalSection(ExtensibilityGlobals) = postSolution
		SolutionGuid = {3B6023F6-B99C-43DF-ABF1-E45EA47C60BE}
	EndGlobalSection
EndGlobal
